
Microsoft Visual Studio Solution File, Format Version 12.00
# Visual Studio Version 17
VisualStudioVersion = 17.4.33213.308
MinimumVisualStudioVersion = 10.0.40219.1
Project("{9A19103F-16F7-4668-BE54-9A1E7A4F7556}") = "Dzień 9", "Dzień 9\Dzień 9.csproj", "{0DA52C08-CD87-4720-8420-B2BD4F39A90B}"
EndProject
Project("{FAE04EC0-301F-11D3-BF4B-00C04F79EFBC}") = "StatTest", "StatTest\StatTest.csproj", "{EE1A71D5-0102-4B82-AF1E-641DD419C7DC}"
EndProject
Global
	GlobalSection(SolutionConfigurationPlatforms) = preSolution
		Debug|Any CPU = Debug|Any CPU
		Release|Any CPU = Release|Any CPU
	EndGlobalSection
	GlobalSection(ProjectConfigurationPlatforms) = postSolution
		{0DA52C08-CD87-4720-8420-B2BD4F39A90B}.Debug|Any CPU.ActiveCfg = Debug|Any CPU
		{0DA52C08-CD87-4720-8420-B2BD4F39A90B}.Debug|Any CPU.Build.0 = Debug|Any CPU
		{0DA52C08-CD87-4720-8420-B2BD4F39A90B}.Release|Any CPU.ActiveCfg = Release|Any CPU
		{0DA52C08-CD87-4720-8420-B2BD4F39A90B}.Release|Any CPU.Build.0 = Release|Any CPU
		{EE1A71D5-0102-4B82-AF1E-641DD419C7DC}.Debug|Any CPU.ActiveCfg = Debug|Any CPU
		{EE1A71D5-0102-4B82-AF1E-641DD419C7DC}.Debug|Any CPU.Build.0 = Debug|Any CPU
		{EE1A71D5-0102-4B82-AF1E-641DD419C7DC}.Release|Any CPU.ActiveCfg = Release|Any CPU
		{EE1A71D5-0102-4B82-AF1E-641DD419C7DC}.Release|Any CPU.Build.0 = Release|Any CPU
	EndGlobalSection
	GlobalSection(SolutionProperties) = preSolution
		HideSolutionNode = FALSE
	EndGlobalSection
	GlobalSection(ExtensibilityGlobals) = postSolution
		SolutionGuid = {53409D48-3A06-44BE-8A4F-F3EEC4F7373E}
	EndGlobalSection
EndGlobal
